
Microsoft Visual Studio Solution File, Format Version 12.00
# Visual Studio Version 17
VisualStudioVersion = 17.7.34024.191
MinimumVisualStudioVersion = 10.0.40219.1
Project("{9A19103F-16F7-4668-BE54-9A1E7A4F7556}") = "Week7Functions", "Week7_Functions\Week7Functions.csproj", "{2F9D8EF0-CAC9-4185-9782-345663CC3A06}"
EndProject
Project("{9A19103F-16F7-4668-BE54-9A1E7A4F7556}") = "ArgumentsAndParameters", "ArgumentsAndParameters\ArgumentsAndParameters.csproj", "{9548A506-B81A-453D-AB07-F6B9FF089ECC}"
EndProject
Project("{9A19103F-16F7-4668-BE54-9A1E7A4F7556}") = "Calculator", "Calculator\Calculator.csproj", "{0F88998C-467B-44C0-9D5C-465550691CDE}"
EndProject
Project("{9A19103F-16F7-4668-BE54-9A1E7A4F7556}") = "DiscountCalculator", "DiscountCalculator\DiscountCalculator.csproj", "{6C97423F-11C4-44AF-8AE8-68F549791CB9}"
EndProject
Global
	GlobalSection(SolutionConfigurationPlatforms) = preSolution
		Debug|Any CPU = Debug|Any CPU
		Release|Any CPU = Release|Any CPU
	EndGlobalSection
	GlobalSection(ProjectConfigurationPlatforms) = postSolution
		{2F9D8EF0-CAC9-4185-9782-345663CC3A06}.Debug|Any CPU.ActiveCfg = Debug|Any CPU
		{2F9D8EF0-CAC9-4185-9782-345663CC3A06}.Debug|Any CPU.Build.0 = Debug|Any CPU
		{2F9D8EF0-CAC9-4185-9782-345663CC3A06}.Release|Any CPU.ActiveCfg = Release|Any CPU
		{2F9D8EF0-CAC9-4185-9782-345663CC3A06}.Release|Any CPU.Build.0 = Release|Any CPU
		{9548A506-B81A-453D-AB07-F6B9FF089ECC}.Debug|Any CPU.ActiveCfg = Debug|Any CPU
		{9548A506-B81A-453D-AB07-F6B9FF089ECC}.Debug|Any CPU.Build.0 = Debug|Any CPU
		{9548A506-B81A-453D-AB07-F6B9FF089ECC}.Release|Any CPU.ActiveCfg = Release|Any CPU
		{9548A506-B81A-453D-AB07-F6B9FF089ECC}.Release|Any CPU.Build.0 = Release|Any CPU
		{0F88998C-467B-44C0-9D5C-465550691CDE}.Debug|Any CPU.ActiveCfg = Debug|Any CPU
		{0F88998C-467B-44C0-9D5C-465550691CDE}.Debug|Any CPU.Build.0 = Debug|Any CPU
		{0F88998C-467B-44C0-9D5C-465550691CDE}.Release|Any CPU.ActiveCfg = Release|Any CPU
		{0F88998C-467B-44C0-9D5C-465550691CDE}.Release|Any CPU.Build.0 = Release|Any CPU
		{6C97423F-11C4-44AF-8AE8-68F549791CB9}.Debug|Any CPU.ActiveCfg = Debug|Any CPU
		{6C97423F-11C4-44AF-8AE8-68F549791CB9}.Debug|Any CPU.Build.0 = Debug|Any CPU
		{6C97423F-11C4-44AF-8AE8-68F549791CB9}.Release|Any CPU.ActiveCfg = Release|Any CPU
		{6C97423F-11C4-44AF-8AE8-68F549791CB9}.Release|Any CPU.Build.0 = Release|Any CPU
	EndGlobalSection
	GlobalSection(SolutionProperties) = preSolution
		HideSolutionNode = FALSE
	EndGlobalSection
	GlobalSection(ExtensibilityGlobals) = postSolution
		SolutionGuid = {8225122A-01C5-48AE-8C67-0F9D8BC26671}
	EndGlobalSection
EndGlobal
